
Microsoft Visual Studio Solution File, Format Version 12.00
# Visual Studio Version 17
VisualStudioVersion = 17.2.32616.157
MinimumVisualStudioVersion = 10.0.40219.1
Project("{FAE04EC0-301F-11D3-BF4B-00C04F79EFBC}") = "MaximumNumberUsingGenerics", "MaximumNumberUsingGenerics\MaximumNumberUsingGenerics.csproj", "{FFE0290F-274B-42AD-BDBD-54DE265A0911}"
EndProject
Global
	GlobalSection(SolutionConfigurationPlatforms) = preSolution
		Debug|Any CPU = Debug|Any CPU
		Release|Any CPU = Release|Any CPU
	EndGlobalSection
	GlobalSection(ProjectConfigurationPlatforms) = postSolution
		{FFE0290F-274B-42AD-BDBD-54DE265A0911}.Debug|Any CPU.ActiveCfg = Debug|Any CPU
		{FFE0290F-274B-42AD-BDBD-54DE265A0911}.Debug|Any CPU.Build.0 = Debug|Any CPU
		{FFE0290F-274B-42AD-BDBD-54DE265A0911}.Release|Any CPU.ActiveCfg = Release|Any CPU
		{FFE0290F-274B-42AD-BDBD-54DE265A0911}.Release|Any CPU.Build.0 = Release|Any CPU
	EndGlobalSection
	GlobalSection(SolutionProperties) = preSolution
		HideSolutionNode = FALSE
	EndGlobalSection
	GlobalSection(ExtensibilityGlobals) = postSolution
		SolutionGuid = {A6314E49-6E28-4AED-AE56-26E1D1A56D85}
	EndGlobalSection
EndGlobal
